
Microsoft Visual Studio Solution File, Format Version 12.00
# Visual Studio Version 17
VisualStudioVersion = 17.13.35931.197
MinimumVisualStudioVersion = 10.0.40219.1
Project("{8BC9CEB8-8B4A-11D0-8D11-00A0C91BC942}") = "OpenGLPractice", "OpenGLPractice.vcxproj", "{99490807-78FB-40D7-A0A8-FED80A6B2BBD}"
EndProject
Project("{8BC9CEB8-8B4A-11D0-8D11-00A0C91BC942}") = "UnitTests", "UnitTests\UnitTests.vcxproj", "{DF46015A-867E-D5B8-D2E9-8CEBADF84AD3}"
EndProject
Global
	GlobalSection(SolutionConfigurationPlatforms) = preSolution
		Debug|x64 = Debug|x64
		Debug|x86 = Debug|x86
		Release|x64 = Release|x64
		Release|x86 = Release|x86
	EndGlobalSection
	GlobalSection(ProjectConfigurationPlatforms) = postSolution
		{99490807-78FB-40D7-A0A8-FED80A6B2BBD}.Debug|x64.ActiveCfg = Debug|x64
		{99490807-78FB-40D7-A0A8-FED80A6B2BBD}.Debug|x64.Build.0 = Debug|x64
		{99490807-78FB-40D7-A0A8-FED80A6B2BBD}.Debug|x86.ActiveCfg = Debug|Win32
		{99490807-78FB-40D7-A0A8-FED80A6B2BBD}.Debug|x86.Build.0 = Debug|Win32
		{99490807-78FB-40D7-A0A8-FED80A6B2BBD}.Release|x64.ActiveCfg = Release|x64
		{99490807-78FB-40D7-A0A8-FED80A6B2BBD}.Release|x64.Build.0 = Release|x64
		{99490807-78FB-40D7-A0A8-FED80A6B2BBD}.Release|x86.ActiveCfg = Release|Win32
		{99490807-78FB-40D7-A0A8-FED80A6B2BBD}.Release|x86.Build.0 = Release|Win32
		{DF46015A-867E-D5B8-D2E9-8CEBADF84AD3}.Debug|x64.ActiveCfg = Debug|x64
		{DF46015A-867E-D5B8-D2E9-8CEBADF84AD3}.Debug|x64.Build.0 = Debug|x64
		{DF46015A-867E-D5B8-D2E9-8CEBADF84AD3}.Debug|x86.ActiveCfg = Debug|Win32
		{DF46015A-867E-D5B8-D2E9-8CEBADF84AD3}.Debug|x86.Build.0 = Debug|Win32
		{DF46015A-867E-D5B8-D2E9-8CEBADF84AD3}.Release|x64.ActiveCfg = Release|x64
		{DF46015A-867E-D5B8-D2E9-8CEBADF84AD3}.Release|x64.Build.0 = Release|x64
		{DF46015A-867E-D5B8-D2E9-8CEBADF84AD3}.Release|x86.ActiveCfg = Release|Win32
		{DF46015A-867E-D5B8-D2E9-8CEBADF84AD3}.Release|x86.Build.0 = Release|Win32
	EndGlobalSection
	GlobalSection(SolutionProperties) = preSolution
		HideSolutionNode = FALSE
	EndGlobalSection
	GlobalSection(ExtensibilityGlobals) = postSolution
		SolutionGuid = {A948C754-A899-4B8F-9F61-D238F538E6E8}
	EndGlobalSection
EndGlobal
